# This file is automatically @generated by Cargo.
# It is not intended for manual editing.
version = 4

[[package]]
name = "monel-cli"
version = "0.1.0-dev"
dependencies = [
 "monel-core",
]

[[package]]
name = "monel-core"
version = "0.1.0-dev"
dependencies = [
 "monel-intent-parser",
]

[[package]]
name = "monel-intent-parser"
version = "0.1.0-dev"

[[package]]
name = "xtask"
version = "0.1.0-dev"
